// !$*UTF8*$!
{
	archiveVersion = 1;
	classes = {
	};
	objectVersion = 46;
	objects = {

/* Begin PBXBuildFile section */
		994D3B1C1F86621500DE89A0 /* Extensions.swift in Sources */ = {isa = PBXBuildFile; fileRef = 994D3B1B1F86621500DE89A0 /* Extensions.swift */; };
		9961ECFB1F83B67900CC1E34 /* AppDelegate.swift in Sources */ = {isa = PBXBuildFile; fileRef = 9961ECFA1F83B67900CC1E34 /* AppDelegate.swift */; };
		9961ECFD1F83B67900CC1E34 /* FolderViewController.swift in Sources */ = {isa = PBXBuildFile; fileRef = 9961ECFC1F83B67900CC1E34 /* FolderViewController.swift */; };
		9961ED001F83B67900CC1E34 /* Main.storyboard in Resources */ = {isa = PBXBuildFile; fileRef = 9961ECFE1F83B67900CC1E34 /* Main.storyboard */; };
		9961ED021F83B67900CC1E34 /* Assets.xcassets in Resources */ = {isa = PBXBuildFile; fileRef = 9961ED011F83B67900CC1E34 /* Assets.xcassets */; };
		9961ED051F83B67900CC1E34 /* LaunchScreen.storyboard in Resources */ = {isa = PBXBuildFile; fileRef = 9961ED031F83B67900CC1E34 /* LaunchScreen.storyboard */; };
		9961ED0D1F83ED9800CC1E34 /* Folders.json in Resources */ = {isa = PBXBuildFile; fileRef = 9961ED0C1F83ED9800CC1E34 /* Folders.json */; };
		9961ED0F1F83F70400CC1E34 /* Item.swift in Sources */ = {isa = PBXBuildFile; fileRef = 9961ED0E1F83F70400CC1E34 /* Item.swift */; };
		99C6D22E1F8521FE008E37D6 /* DataProvider.swift in Sources */ = {isa = PBXBuildFile; fileRef = 99C6D22D1F8521FE008E37D6 /* DataProvider.swift */; };
		99C6D2351F854099008E37D6 /* ItemCell.swift in Sources */ = {isa = PBXBuildFile; fileRef = 99C6D2341F854099008E37D6 /* ItemCell.swift */; };
/* End PBXBuildFile section */

/* Begin PBXFileReference section */
		994D3B1B1F86621500DE89A0 /* Extensions.swift */ = {isa = PBXFileReference; fileEncoding = 4; lastKnownFileType = sourcecode.swift; path = Extensions.swift; sourceTree = "<group>"; };
		9961ECF71F83B67900CC1E34 /* FileProviderApp.app */ = {isa = PBXFileReference; explicitFileType = wrapper.application; includeInIndex = 0; path = FileProviderApp.app; sourceTree = BUILT_PRODUCTS_DIR; };
		9961ECFA1F83B67900CC1E34 /* AppDelegate.swift */ = {isa = PBXFileReference; lastKnownFileType = sourcecode.swift; path = AppDelegate.swift; sourceTree = "<group>"; };
		9961ECFC1F83B67900CC1E34 /* FolderViewController.swift */ = {isa = PBXFileReference; lastKnownFileType = sourcecode.swift; path = FolderViewController.swift; sourceTree = "<group>"; };
		9961ECFF1F83B67900CC1E34 /* Base */ = {isa = PBXFileReference; lastKnownFileType = file.storyboard; name = Base; path = Base.lproj/Main.storyboard; sourceTree = "<group>"; };
		9961ED011F83B67900CC1E34 /* Assets.xcassets */ = {isa = PBXFileReference; lastKnownFileType = folder.assetcatalog; path = Assets.xcassets; sourceTree = "<group>"; };
		9961ED041F83B67900CC1E34 /* Base */ = {isa = PBXFileReference; lastKnownFileType = file.storyboard; name = Base; path = Base.lproj/LaunchScreen.storyboard; sourceTree = "<group>"; };
		9961ED061F83B67900CC1E34 /* Info.plist */ = {isa = PBXFileReference; lastKnownFileType = text.plist.xml; path = Info.plist; sourceTree = "<group>"; };
		9961ED0C1F83ED9800CC1E34 /* Folders.json */ = {isa = PBXFileReference; fileEncoding = 4; lastKnownFileType = text.json; path = Folders.json; sourceTree = "<group>"; };
		9961ED0E1F83F70400CC1E34 /* Item.swift */ = {isa = PBXFileReference; fileEncoding = 4; lastKnownFileType = sourcecode.swift; path = Item.swift; sourceTree = "<group>"; };
		99C6D22D1F8521FE008E37D6 /* DataProvider.swift */ = {isa = PBXFileReference; fileEncoding = 4; lastKnownFileType = sourcecode.swift; path = DataProvider.swift; sourceTree = "<group>"; };
		99C6D2341F854099008E37D6 /* ItemCell.swift */ = {isa = PBXFileReference; fileEncoding = 4; lastKnownFileType = sourcecode.swift; path = ItemCell.swift; sourceTree = "<group>"; };
/* End PBXFileReference section */

/* Begin PBXFrameworksBuildPhase section */
		9961ECF41F83B67900CC1E34 /* Frameworks */ = {
			isa = PBXFrameworksBuildPhase;
			buildActionMask = 2147483647;
			files = (
			);
			runOnlyForDeploymentPostprocessing = 0;
		};
/* End PBXFrameworksBuildPhase section */

/* Begin PBXGroup section */
		994D3B1A1F8661E900DE89A0 /* Extensions */ = {
			isa = PBXGroup;
			children = (
				994D3B1B1F86621500DE89A0 /* Extensions.swift */,
			);
			name = Extensions;
			sourceTree = "<group>";
		};
		9961ECEE1F83B67900CC1E34 = {
			isa = PBXGroup;
			children = (
				9961ECF91F83B67900CC1E34 /* FileProviderApp */,
				9961ECF81F83B67900CC1E34 /* Products */,
			);
			sourceTree = "<group>";
		};
		9961ECF81F83B67900CC1E34 /* Products */ = {
			isa = PBXGroup;
			children = (
				9961ECF71F83B67900CC1E34 /* FileProviderApp.app */,
			);
			name = Products;
			sourceTree = "<group>";
		};
		9961ECF91F83B67900CC1E34 /* FileProviderApp */ = {
			isa = PBXGroup;
			children = (
				9961ECFA1F83B67900CC1E34 /* AppDelegate.swift */,
				994D3B1A1F8661E900DE89A0 /* Extensions */,
				99C6D2331F85407C008E37D6 /* View */,
				99C6D2301F854059008E37D6 /* API */,
				99C6D2311F854066008E37D6 /* Models */,
				99C6D22F1F85404F008E37D6 /* ViewController */,
				9961ECFE1F83B67900CC1E34 /* Main.storyboard */,
				9961ED011F83B67900CC1E34 /* Assets.xcassets */,
				9961ED031F83B67900CC1E34 /* LaunchScreen.storyboard */,
				9961ED061F83B67900CC1E34 /* Info.plist */,
				9961ED0C1F83ED9800CC1E34 /* Folders.json */,
			);
			path = FileProviderApp;
			sourceTree = "<group>";
		};
		99C6D22F1F85404F008E37D6 /* ViewController */ = {
			isa = PBXGroup;
			children = (
				9961ECFC1F83B67900CC1E34 /* FolderViewController.swift */,
			);
			name = ViewController;
			sourceTree = "<group>";
		};
		99C6D2301F854059008E37D6 /* API */ = {
			isa = PBXGroup;
			children = (
				99C6D22D1F8521FE008E37D6 /* DataProvider.swift */,
			);
			name = API;
			sourceTree = "<group>";
		};
		99C6D2311F854066008E37D6 /* Models */ = {
			isa = PBXGroup;
			children = (
				9961ED0E1F83F70400CC1E34 /* Item.swift */,
			);
			name = Models;
			sourceTree = "<group>";
		};
		99C6D2331F85407C008E37D6 /* View */ = {
			isa = PBXGroup;
			children = (
				99C6D2341F854099008E37D6 /* ItemCell.swift */,
			);
			name = View;
			sourceTree = "<group>";
		};
/* End PBXGroup section */

/* Begin PBXNativeTarget section */
		9961ECF61F83B67900CC1E34 /* FileProviderApp */ = {
			isa = PBXNativeTarget;
			buildConfigurationList = 9961ED091F83B67900CC1E34 /* Build configuration list for PBXNativeTarget "FileProviderApp" */;
			buildPhases = (
				9961ECF31F83B67900CC1E34 /* Sources */,
				9961ECF41F83B67900CC1E34 /* Frameworks */,
				9961ECF51F83B67900CC1E34 /* Resources */,
			);
			buildRules = (
			);
			dependencies = (
			);
			name = FileProviderApp;
			productName = FileProviderApp;
			productReference = 9961ECF71F83B67900CC1E34 /* FileProviderApp.app */;
			productType = "com.apple.product-type.application";
		};
/* End PBXNativeTarget section */

/* Begin PBXProject section */
		9961ECEF1F83B67900CC1E34 /* Project object */ = {
			isa = PBXProject;
			attributes = {
				LastSwiftUpdateCheck = 0830;
				LastUpgradeCheck = 0830;
				ORGANIZATIONNAME = SealDev;
				TargetAttributes = {
					9961ECF61F83B67900CC1E34 = {
						CreatedOnToolsVersion = 8.3.2;
						DevelopmentTeam = WJ2494P78F;
						ProvisioningStyle = Automatic;
					};
				};
			};
			buildConfigurationList = 9961ECF21F83B67900CC1E34 /* Build configuration list for PBXProject "FileProviderApp" */;
			compatibilityVersion = "Xcode 3.2";
			developmentRegion = English;
			hasScannedForEncodings = 0;
			knownRegions = (
				en,
				Base,
			);
			mainGroup = 9961ECEE1F83B67900CC1E34;
			productRefGroup = 9961ECF81F83B67900CC1E34 /* Products */;
			projectDirPath = "";
			projectRoot = "";
			targets = (
				9961ECF61F83B67900CC1E34 /* FileProviderApp */,
			);
		};
/* End PBXProject section */

/* Begin PBXResourcesBuildPhase section */
		9961ECF51F83B67900CC1E34 /* Resources */ = {
			isa = PBXResourcesBuildPhase;
			buildActionMask = 2147483647;
			files = (
				9961ED051F83B67900CC1E34 /* LaunchScreen.storyboard in Resources */,
				9961ED021F83B67900CC1E34 /* Assets.xcassets in Resources */,
				9961ED001F83B67900CC1E34 /* Main.storyboard in Resources */,
				9961ED0D1F83ED9800CC1E34 /* Folders.json in Resources */,
			);
			runOnlyForDeploymentPostprocessing = 0;
		};
/* End PBXResourcesBuildPhase section */

/* Begin PBXSourcesBuildPhase section */
		9961ECF31F83B67900CC1E34 /* Sources */ = {
			isa = PBXSourcesBuildPhase;
			buildActionMask = 2147483647;
			files = (
				9961ECFD1F83B67900CC1E34 /* FolderViewController.swift in Sources */,
				994D3B1C1F86621500DE89A0 /* Extensions.swift in Sources */,
				9961ED0F1F83F70400CC1E34 /* Item.swift in Sources */,
				99C6D22E1F8521FE008E37D6 /* DataProvider.swift in Sources */,
				9961ECFB1F83B67900CC1E34 /* AppDelegate.swift in Sources */,
				99C6D2351F854099008E37D6 /* ItemCell.swift in Sources */,
			);
			runOnlyForDeploymentPostprocessing = 0;
		};
/* End PBXSourcesBuildPhase section */

/* Begin PBXVariantGroup section */
		9961ECFE1F83B67900CC1E34 /* Main.storyboard */ = {
			isa = PBXVariantGroup;
			children = (
				9961ECFF1F83B67900CC1E34 /* Base */,
			);
			name = Main.storyboard;
			sourceTree = "<group>";
		};
		9961ED031F83B67900CC1E34 /* LaunchScreen.storyboard */ = {
			isa = PBXVariantGroup;
			children = (
				9961ED041F83B67900CC1E34 /* Base */,
			);
			name = LaunchScreen.storyboard;
			sourceTree = "<group>";
		};
/* End PBXVariantGroup section */

/* Begin XCBuildConfiguration section */
		9961ED071F83B67900CC1E34 /* Debug */ = {
			isa = XCBuildConfiguration;
			buildSettings = {
				ALWAYS_SEARCH_USER_PATHS = NO;
				CLANG_ANALYZER_NONNULL = YES;
				CLANG_ANALYZER_NUMBER_OBJECT_CONVERSION = YES_AGGRESSIVE;
				CLANG_CXX_LANGUAGE_STANDARD = "gnu++0x";
				CLANG_CXX_LIBRARY = "libc++";
				CLANG_ENABLE_MODULES = YES;
				CLANG_ENABLE_OBJC_ARC = YES;
				CLANG_WARN_BOOL_CONVERSION = YES;
				CLANG_WARN_CONSTANT_CONVERSION = YES;
				CLANG_WARN_DIRECT_OBJC_ISA_USAGE = YES_ERROR;
				CLANG_WARN_DOCUMENTATION_COMMENTS = YES;
				CLANG_WARN_EMPTY_BODY = YES;
				CLANG_WARN_ENUM_CONVERSION = YES;
				CLANG_WARN_INFINITE_RECURSION = YES;
				CLANG_WARN_INT_CONVERSION = YES;
				CLANG_WARN_OBJC_ROOT_CLASS = YES_ERROR;
				CLANG_WARN_SUSPICIOUS_MOVE = YES;
				CLANG_WARN_UNREACHABLE_CODE = YES;
				CLANG_WARN__DUPLICATE_METHOD_MATCH = YES;
				"CODE_SIGN_IDENTITY[sdk=iphoneos*]" = "iPhone Developer";
				COPY_PHASE_STRIP = NO;
				DEBUG_INFORMATION_FORMAT = dwarf;
				ENABLE_STRICT_OBJC_MSGSEND = YES;
				ENABLE_TESTABILITY = YES;
				GCC_C_LANGUAGE_STANDARD = gnu99;
				GCC_DYNAMIC_NO_PIC = NO;
				GCC_NO_COMMON_BLOCKS = YES;
				GCC_OPTIMIZATION_LEVEL = 0;
				GCC_PREPROCESSOR_DEFINITIONS = (
					"DEBUG=1",
					"$(inherited)",
				);
				GCC_WARN_64_TO_32_BIT_CONVERSION = YES;
				GCC_WARN_ABOUT_RETURN_TYPE = YES_ERROR;
				GCC_WARN_UNDECLARED_SELECTOR = YES;
				GCC_WARN_UNINITIALIZED_AUTOS = YES_AGGRESSIVE;
				GCC_WARN_UNUSED_FUNCTION = YES;
				GCC_WARN_UNUSED_VARIABLE = YES;
				IPHONEOS_DEPLOYMENT_TARGET = 10.3;
				MTL_ENABLE_DEBUG_INFO = YES;
				ONLY_ACTIVE_ARCH = YES;
				SDKROOT = iphoneos;
				SWIFT_ACTIVE_COMPILATION_CONDITIONS = DEBUG;
				SWIFT_OPTIMIZATION_LEVEL = "-Onone";
				TARGETED_DEVICE_FAMILY = "1,2";
			};
			name = Debug;
		};
		9961ED081F83B67900CC1E34 /* Release */ = {
			isa = XCBuildConfiguration;
			buildSettings = {
				ALWAYS_SEARCH_USER_PATHS = NO;
				CLANG_ANALYZER_NONNULL = YES;
				CLANG_ANALYZER_NUMBER_OBJECT_CONVERSION = YES_AGGRESSIVE;
				CLANG_CXX_LANGUAGE_STANDARD = "gnu++0x";
				CLANG_CXX_LIBRARY = "libc++";
				CLANG_ENABLE_MODULES = YES;
				CLANG_ENABLE_OBJC_ARC = YES;
				CLANG_WARN_BOOL_CONVERSION = YES;
				CLANG_WARN_CONSTANT_CONVERSION = YES;
				CLANG_WARN_DIRECT_OBJC_ISA_USAGE = YES_ERROR;
				CLANG_WARN_DOCUMENTATION_COMMENTS = YES;
				CLANG_WARN_EMPTY_BODY = YES;
				CLANG_WARN_ENUM_CONVERSION = YES;
				CLANG_WARN_INFINITE_RECURSION = YES;
				CLANG_WARN_INT_CONVERSION = YES;
				CLANG_WARN_OBJC_ROOT_CLASS = YES_ERROR;
				CLANG_WARN_SUSPICIOUS_MOVE = YES;
				CLANG_WARN_UNREACHABLE_CODE = YES;
				CLANG_WARN__DUPLICATE_METHOD_MATCH = YES;
				"CODE_SIGN_IDENTITY[sdk=iphoneos*]" = "iPhone Developer";
				COPY_PHASE_STRIP = NO;
				DEBUG_INFORMATION_FORMAT = "dwarf-with-dsym";
				ENABLE_NS_ASSERTIONS = NO;
				ENABLE_STRICT_OBJC_MSGSEND = YES;
				GCC_C_LANGUAGE_STANDARD = gnu99;
				GCC_NO_COMMON_BLOCKS = YES;
				GCC_WARN_64_TO_32_BIT_CONVERSION = YES;
				GCC_WARN_ABOUT_RETURN_TYPE = YES_ERROR;
				GCC_WARN_UNDECLARED_SELECTOR = YES;
				GCC_WARN_UNINITIALIZED_AUTOS = YES_AGGRESSIVE;
				GCC_WARN_UNUSED_FUNCTION = YES;
				GCC_WARN_UNUSED_VARIABLE = YES;
				IPHONEOS_DEPLOYMENT_TARGET = 10.3;
				MTL_ENABLE_DEBUG_INFO = NO;
				SDKROOT = iphoneos;
				SWIFT_OPTIMIZATION_LEVEL = "-Owholemodule";
				TARGETED_DEVICE_FAMILY = "1,2";
				VALIDATE_PRODUCT = YES;
			};
			name = Release;
		};
		9961ED0A1F83B67900CC1E34 /* Debug */ = {
			isa = XCBuildConfiguration;
			buildSettings = {
				ASSETCATALOG_COMPILER_APPICON_NAME = AppIcon;
				"CODE_SIGN_IDENTITY[sdk=iphoneos*]" = "iPhone Developer";
				DEVELOPMENT_TEAM = WJ2494P78F;
				INFOPLIST_FILE = FileProviderApp/Info.plist;
				IPHONEOS_DEPLOYMENT_TARGET = 9.0;
				LD_RUNPATH_SEARCH_PATHS = "$(inherited) @executable_path/Frameworks";
				PRODUCT_BUNDLE_IDENTIFIER = com.SealDev.FileProviderApps;
				PRODUCT_NAME = "$(TARGET_NAME)";
				PROVISIONING_PROFILE_SPECIFIER = "";
				SWIFT_VERSION = 3.0;
			};
			name = Debug;
		};
		9961ED0B1F83B67900CC1E34 /* Release */ = {
			isa = XCBuildConfiguration;
			buildSettings = {
				ASSETCATALOG_COMPILER_APPICON_NAME = AppIcon;
				"CODE_SIGN_IDENTITY[sdk=iphoneos*]" = "iPhone Developer";
				DEVELOPMENT_TEAM = WJ2494P78F;
				INFOPLIST_FILE = FileProviderApp/Info.plist;
				IPHONEOS_DEPLOYMENT_TARGET = 9.0;
				LD_RUNPATH_SEARCH_PATHS = "$(inherited) @executable_path/Frameworks";
				PRODUCT_BUNDLE_IDENTIFIER = com.SealDev.FileProviderApps;
				PRODUCT_NAME = "$(TARGET_NAME)";
				PROVISIONING_PROFILE_SPECIFIER = "";
				SWIFT_VERSION = 3.0;
			};
			name = Release;
		};
/* End XCBuildConfiguration section */

/* Begin XCConfigurationList section */
		9961ECF21F83B67900CC1E34 /* Build configuration list for PBXProject "FileProviderApp" */ = {
			isa = XCConfigurationList;
			buildConfigurations = (
				9961ED071F83B67900CC1E34 /* Debug */,
				9961ED081F83B67900CC1E34 /* Release */,
			);
			defaultConfigurationIsVisible = 0;
			defaultConfigurationName = Release;
		};
		9961ED091F83B67900CC1E34 /* Build configuration list for PBXNativeTarget "FileProviderApp" */ = {
			isa = XCConfigurationList;
			buildConfigurations = (
				9961ED0A1F83B67900CC1E34 /* Debug */,
				9961ED0B1F83B67900CC1E34 /* Release */,
			);
			defaultConfigurationIsVisible = 0;
			defaultConfigurationName = Release;
		};
/* End XCConfigurationList section */
	};
	rootObject = 9961ECEF1F83B67900CC1E34 /* Project object */;
}
